
Microsoft Visual Studio Solution File, Format Version 12.00
# Visual Studio Version 17
VisualStudioVersion = 17.0.32112.339
MinimumVisualStudioVersion = 10.0.40219.1
Project("{FAE04EC0-301F-11D3-BF4B-00C04F79EFBC}") = "FoxModForKO", "FoxModForKO\FoxModForKO.csproj", "{306CE153-6F87-4040-83DA-31624F037527}"
EndProject
Global
	GlobalSection(SolutionConfigurationPlatforms) = preSolution
		Debug|Any CPU = Debug|Any CPU
		Release|Any CPU = Release|Any CPU
	EndGlobalSection
	GlobalSection(ProjectConfigurationPlatforms) = postSolution
		{306CE153-6F87-4040-83DA-31624F037527}.Debug|Any CPU.ActiveCfg = Debug|Any CPU
		{306CE153-6F87-4040-83DA-31624F037527}.Debug|Any CPU.Build.0 = Debug|Any CPU
		{306CE153-6F87-4040-83DA-31624F037527}.Release|Any CPU.ActiveCfg = Release|Any CPU
		{306CE153-6F87-4040-83DA-31624F037527}.Release|Any CPU.Build.0 = Release|Any CPU
	EndGlobalSection
	GlobalSection(SolutionProperties) = preSolution
		HideSolutionNode = FALSE
	EndGlobalSection
	GlobalSection(ExtensibilityGlobals) = postSolution
		SolutionGuid = {2125C654-279F-4ACC-81C9-FDBD95CC3EE7}
	EndGlobalSection
EndGlobal
